
Microsoft Visual Studio Solution File, Format Version 12.00
# Visual Studio Version 17
VisualStudioVersion = 17.6.33723.286
MinimumVisualStudioVersion = 10.0.40219.1
Project("{2150E333-8FDC-42A3-9474-1A3956D46DE8}") = "src", "src", "{FA2B26A2-8D9C-416C-A9F5-3ACD6F0F8607}"
EndProject
Project("{2150E333-8FDC-42A3-9474-1A3956D46DE8}") = "Çözüm Öğeleri", "Çözüm Öğeleri", "{18FFCDD5-78C5-46C7-B2F0-9821E6CC0630}"
	ProjectSection(SolutionItems) = preProject
		README.md = README.md
		ServiceUrls.txt = ServiceUrls.txt
	EndProjectSection
EndProject
Project("{2150E333-8FDC-42A3-9474-1A3956D46DE8}") = "AppGateways", "AppGateways", "{CAA46ACA-7B0C-42DA-BEB4-2AFB400508B5}"
EndProject
Project("{2150E333-8FDC-42A3-9474-1A3956D46DE8}") = "BuildingBlocks", "BuildingBlocks", "{109E9A8B-638B-49B8-A3D0-4A2CBDBE6C8C}"
EndProject
Project("{2150E333-8FDC-42A3-9474-1A3956D46DE8}") = "Services", "Services", "{4EF4113D-F83C-4DA0-93EE-7E04BB15BDAF}"
EndProject
Project("{2150E333-8FDC-42A3-9474-1A3956D46DE8}") = "Clients", "Clients", "{7C1C7402-1CD0-46B9-B5E2-9680D326FAC8}"
EndProject
Project("{2150E333-8FDC-42A3-9474-1A3956D46DE8}") = "WebApiGateway", "WebApiGateway", "{6EE9B59D-5629-4E72-8AA6-621FDA4DEAB3}"
EndProject
Project("{FAE04EC0-301F-11D3-BF4B-00C04F79EFBC}") = "Web.ApiGateway", "src\ApiGateways\WebApiGateway\Web.ApiGateway\Web.ApiGateway.csproj", "{EDDC51E3-871C-4952-88E5-B8B07BC0EEE7}"
EndProject
Project("{2150E333-8FDC-42A3-9474-1A3956D46DE8}") = "EventBus", "EventBus", "{CB032A41-641F-482A-94C4-D946333E677C}"
EndProject
Project("{FAE04EC0-301F-11D3-BF4B-00C04F79EFBC}") = "EventBus.Base", "src\BuildingBlocks\EventBus\EventBus.Base\EventBus.Base.csproj", "{1740D13B-CE65-4ABD-871A-3898FD1FA261}"
EndProject
Project("{FAE04EC0-301F-11D3-BF4B-00C04F79EFBC}") = "EventBus.Factory", "src\BuildingBlocks\EventBus\EventBus.Factory\EventBus.Factory.csproj", "{F3462BD5-0116-49C4-A455-1F79A545A641}"
EndProject
Project("{FAE04EC0-301F-11D3-BF4B-00C04F79EFBC}") = "EventBus.AzurServiceBus", "src\BuildingBlocks\EventBus\EventBus.AzurServiceBus\EventBus.AzurServiceBus.csproj", "{5CF7C9A2-FDED-4D02-8773-7E1DA20AADA4}"
EndProject
Project("{FAE04EC0-301F-11D3-BF4B-00C04F79EFBC}") = "EventBus.RabbitMQ", "src\BuildingBlocks\EventBus\EventBus.RabbitMQ\EventBus.RabbitMQ.csproj", "{3BF0408F-268E-4EB4-89F0-53B004238E0A}"
EndProject
Project("{2150E333-8FDC-42A3-9474-1A3956D46DE8}") = "BlazorWebApp", "BlazorWebApp", "{6498BF8E-2FBF-4B0C-AFED-512BB88862D5}"
EndProject
Project("{FAE04EC0-301F-11D3-BF4B-00C04F79EFBC}") = "WebApp", "src\Clients\BlazorWebApp\WebApp\WebApp.csproj", "{3A0B955F-0FFA-4B26-9C91-6E56421386FC}"
EndProject
Project("{2150E333-8FDC-42A3-9474-1A3956D46DE8}") = "BasketService", "BasketService", "{8964B3E3-D28A-4662-A871-F82AD7A25960}"
EndProject
Project("{FAE04EC0-301F-11D3-BF4B-00C04F79EFBC}") = "BasketService.Api", "src\Services\BasketService\BasketService.Api\BasketService.Api.csproj", "{50E4419B-BE64-436D-9E51-91D5C8D2D485}"
EndProject
Project("{2150E333-8FDC-42A3-9474-1A3956D46DE8}") = "CatalogService", "CatalogService", "{D6D16E71-4559-4064-AAE4-91017EEF9063}"
EndProject
Project("{FAE04EC0-301F-11D3-BF4B-00C04F79EFBC}") = "CatalogService.Api", "src\Services\CatalogService\CatalogService.Api\CatalogService.Api.csproj", "{846EDC35-A72D-460C-8B84-0FCD2A627CB7}"
EndProject
Project("{2150E333-8FDC-42A3-9474-1A3956D46DE8}") = "IdentityService", "IdentityService", "{87C03F7B-D20C-4536-B70B-1C92C26FDDF0}"
EndProject
Project("{FAE04EC0-301F-11D3-BF4B-00C04F79EFBC}") = "IdentityService.Api", "src\Services\IdentityService\IdentityService.Api\IdentityService.Api.csproj", "{C5B01B65-F052-4DD1-9CBA-3BCB86BF7E5D}"
EndProject
Project("{2150E333-8FDC-42A3-9474-1A3956D46DE8}") = "NotificationService", "NotificationService", "{96991C03-DF11-4E69-AA75-C1C913C0F875}"
EndProject
Project("{FAE04EC0-301F-11D3-BF4B-00C04F79EFBC}") = "NotificationService", "src\Services\NotificationService\NotificationService\NotificationService.csproj", "{82177E3A-5608-428F-8364-5FEBE0117178}"
EndProject
Project("{2150E333-8FDC-42A3-9474-1A3956D46DE8}") = "OrderService", "OrderService", "{E0091F80-C427-4A56-BDA6-3CF47D92AD30}"
EndProject
Project("{FAE04EC0-301F-11D3-BF4B-00C04F79EFBC}") = "OrderService.Domain", "src\Services\OrderService\OrderService.Domain\OrderService.Domain.csproj", "{EE51B369-5860-4B2B-BA72-F7475B68F09F}"
EndProject
Project("{FAE04EC0-301F-11D3-BF4B-00C04F79EFBC}") = "OrderService.Application", "src\Services\OrderService\OrderService.Application\OrderService.Application.csproj", "{F29AB6AE-CC65-4D21-8F21-3CC7F92B145A}"
EndProject
Project("{FAE04EC0-301F-11D3-BF4B-00C04F79EFBC}") = "OrderService.Infrastructure", "src\Services\OrderService\OrderService.Infrastructure\OrderService.Infrastructure.csproj", "{23DB39AD-27D9-41DA-8155-E4245F27ACFB}"
EndProject
Project("{FAE04EC0-301F-11D3-BF4B-00C04F79EFBC}") = "OrderService.Api", "src\Services\OrderService\OrderService.Api\OrderService.Api.csproj", "{77397C1F-D0F2-4CF9-BBB0-397346CBF59E}"
EndProject
Project("{2150E333-8FDC-42A3-9474-1A3956D46DE8}") = "PaymentService", "PaymentService", "{12231EB8-E4B0-48C9-9768-7D69EE6CF134}"
EndProject
Project("{FAE04EC0-301F-11D3-BF4B-00C04F79EFBC}") = "PaymentService.Api", "src\Services\PaymentService\PaymentService.Api\PaymentService.Api.csproj", "{C154DF2E-52CC-4679-9616-BD6954A1C554}"
EndProject
Global
	GlobalSection(SolutionConfigurationPlatforms) = preSolution
		Debug|Any CPU = Debug|Any CPU
		Release|Any CPU = Release|Any CPU
	EndGlobalSection
	GlobalSection(ProjectConfigurationPlatforms) = postSolution
		{EDDC51E3-871C-4952-88E5-B8B07BC0EEE7}.Debug|Any CPU.ActiveCfg = Debug|Any CPU
		{EDDC51E3-871C-4952-88E5-B8B07BC0EEE7}.Debug|Any CPU.Build.0 = Debug|Any CPU
		{EDDC51E3-871C-4952-88E5-B8B07BC0EEE7}.Release|Any CPU.ActiveCfg = Release|Any CPU
		{EDDC51E3-871C-4952-88E5-B8B07BC0EEE7}.Release|Any CPU.Build.0 = Release|Any CPU
		{1740D13B-CE65-4ABD-871A-3898FD1FA261}.Debug|Any CPU.ActiveCfg = Debug|Any CPU
		{1740D13B-CE65-4ABD-871A-3898FD1FA261}.Debug|Any CPU.Build.0 = Debug|Any CPU
		{1740D13B-CE65-4ABD-871A-3898FD1FA261}.Release|Any CPU.ActiveCfg = Release|Any CPU
		{1740D13B-CE65-4ABD-871A-3898FD1FA261}.Release|Any CPU.Build.0 = Release|Any CPU
		{F3462BD5-0116-49C4-A455-1F79A545A641}.Debug|Any CPU.ActiveCfg = Debug|Any CPU
		{F3462BD5-0116-49C4-A455-1F79A545A641}.Debug|Any CPU.Build.0 = Debug|Any CPU
		{F3462BD5-0116-49C4-A455-1F79A545A641}.Release|Any CPU.ActiveCfg = Release|Any CPU
		{F3462BD5-0116-49C4-A455-1F79A545A641}.Release|Any CPU.Build.0 = Release|Any CPU
		{5CF7C9A2-FDED-4D02-8773-7E1DA20AADA4}.Debug|Any CPU.ActiveCfg = Debug|Any CPU
		{5CF7C9A2-FDED-4D02-8773-7E1DA20AADA4}.Debug|Any CPU.Build.0 = Debug|Any CPU
		{5CF7C9A2-FDED-4D02-8773-7E1DA20AADA4}.Release|Any CPU.ActiveCfg = Release|Any CPU
		{5CF7C9A2-FDED-4D02-8773-7E1DA20AADA4}.Release|Any CPU.Build.0 = Release|Any CPU
		{3BF0408F-268E-4EB4-89F0-53B004238E0A}.Debug|Any CPU.ActiveCfg = Debug|Any CPU
		{3BF0408F-268E-4EB4-89F0-53B004238E0A}.Debug|Any CPU.Build.0 = Debug|Any CPU
		{3BF0408F-268E-4EB4-89F0-53B004238E0A}.Release|Any CPU.ActiveCfg = Release|Any CPU
		{3BF0408F-268E-4EB4-89F0-53B004238E0A}.Release|Any CPU.Build.0 = Release|Any CPU
		{3A0B955F-0FFA-4B26-9C91-6E56421386FC}.Debug|Any CPU.ActiveCfg = Debug|Any CPU
		{3A0B955F-0FFA-4B26-9C91-6E56421386FC}.Debug|Any CPU.Build.0 = Debug|Any CPU
		{3A0B955F-0FFA-4B26-9C91-6E56421386FC}.Release|Any CPU.ActiveCfg = Release|Any CPU
		{3A0B955F-0FFA-4B26-9C91-6E56421386FC}.Release|Any CPU.Build.0 = Release|Any CPU
		{50E4419B-BE64-436D-9E51-91D5C8D2D485}.Debug|Any CPU.ActiveCfg = Debug|Any CPU
		{50E4419B-BE64-436D-9E51-91D5C8D2D485}.Debug|Any CPU.Build.0 = Debug|Any CPU
		{50E4419B-BE64-436D-9E51-91D5C8D2D485}.Release|Any CPU.ActiveCfg = Release|Any CPU
		{50E4419B-BE64-436D-9E51-91D5C8D2D485}.Release|Any CPU.Build.0 = Release|Any CPU
		{846EDC35-A72D-460C-8B84-0FCD2A627CB7}.Debug|Any CPU.ActiveCfg = Debug|Any CPU
		{846EDC35-A72D-460C-8B84-0FCD2A627CB7}.Debug|Any CPU.Build.0 = Debug|Any CPU
		{846EDC35-A72D-460C-8B84-0FCD2A627CB7}.Release|Any CPU.ActiveCfg = Release|Any CPU
		{846EDC35-A72D-460C-8B84-0FCD2A627CB7}.Release|Any CPU.Build.0 = Release|Any CPU
		{C5B01B65-F052-4DD1-9CBA-3BCB86BF7E5D}.Debug|Any CPU.ActiveCfg = Debug|Any CPU
		{C5B01B65-F052-4DD1-9CBA-3BCB86BF7E5D}.Debug|Any CPU.Build.0 = Debug|Any CPU
		{C5B01B65-F052-4DD1-9CBA-3BCB86BF7E5D}.Release|Any CPU.ActiveCfg = Release|Any CPU
		{C5B01B65-F052-4DD1-9CBA-3BCB86BF7E5D}.Release|Any CPU.Build.0 = Release|Any CPU
		{82177E3A-5608-428F-8364-5FEBE0117178}.Debug|Any CPU.ActiveCfg = Debug|Any CPU
		{82177E3A-5608-428F-8364-5FEBE0117178}.Debug|Any CPU.Build.0 = Debug|Any CPU
		{82177E3A-5608-428F-8364-5FEBE0117178}.Release|Any CPU.ActiveCfg = Release|Any CPU
		{82177E3A-5608-428F-8364-5FEBE0117178}.Release|Any CPU.Build.0 = Release|Any CPU
		{EE51B369-5860-4B2B-BA72-F7475B68F09F}.Debug|Any CPU.ActiveCfg = Debug|Any CPU
		{EE51B369-5860-4B2B-BA72-F7475B68F09F}.Debug|Any CPU.Build.0 = Debug|Any CPU
		{EE51B369-5860-4B2B-BA72-F7475B68F09F}.Release|Any CPU.ActiveCfg = Release|Any CPU
		{EE51B369-5860-4B2B-BA72-F7475B68F09F}.Release|Any CPU.Build.0 = Release|Any CPU
		{F29AB6AE-CC65-4D21-8F21-3CC7F92B145A}.Debug|Any CPU.ActiveCfg = Debug|Any CPU
		{F29AB6AE-CC65-4D21-8F21-3CC7F92B145A}.Debug|Any CPU.Build.0 = Debug|Any CPU
		{F29AB6AE-CC65-4D21-8F21-3CC7F92B145A}.Release|Any CPU.ActiveCfg = Release|Any CPU
		{F29AB6AE-CC65-4D21-8F21-3CC7F92B145A}.Release|Any CPU.Build.0 = Release|Any CPU
		{23DB39AD-27D9-41DA-8155-E4245F27ACFB}.Debug|Any CPU.ActiveCfg = Debug|Any CPU
		{23DB39AD-27D9-41DA-8155-E4245F27ACFB}.Debug|Any CPU.Build.0 = Debug|Any CPU
		{23DB39AD-27D9-41DA-8155-E4245F27ACFB}.Release|Any CPU.ActiveCfg = Release|Any CPU
		{23DB39AD-27D9-41DA-8155-E4245F27ACFB}.Release|Any CPU.Build.0 = Release|Any CPU
		{77397C1F-D0F2-4CF9-BBB0-397346CBF59E}.Debug|Any CPU.ActiveCfg = Debug|Any CPU
		{77397C1F-D0F2-4CF9-BBB0-397346CBF59E}.Debug|Any CPU.Build.0 = Debug|Any CPU
		{77397C1F-D0F2-4CF9-BBB0-397346CBF59E}.Release|Any CPU.ActiveCfg = Release|Any CPU
		{77397C1F-D0F2-4CF9-BBB0-397346CBF59E}.Release|Any CPU.Build.0 = Release|Any CPU
		{C154DF2E-52CC-4679-9616-BD6954A1C554}.Debug|Any CPU.ActiveCfg = Debug|Any CPU
		{C154DF2E-52CC-4679-9616-BD6954A1C554}.Debug|Any CPU.Build.0 = Debug|Any CPU
		{C154DF2E-52CC-4679-9616-BD6954A1C554}.Release|Any CPU.ActiveCfg = Release|Any CPU
		{C154DF2E-52CC-4679-9616-BD6954A1C554}.Release|Any CPU.Build.0 = Release|Any CPU
	EndGlobalSection
	GlobalSection(SolutionProperties) = preSolution
		HideSolutionNode = FALSE
	EndGlobalSection
	GlobalSection(NestedProjects) = preSolution
		{CAA46ACA-7B0C-42DA-BEB4-2AFB400508B5} = {FA2B26A2-8D9C-416C-A9F5-3ACD6F0F8607}
		{109E9A8B-638B-49B8-A3D0-4A2CBDBE6C8C} = {FA2B26A2-8D9C-416C-A9F5-3ACD6F0F8607}
		{4EF4113D-F83C-4DA0-93EE-7E04BB15BDAF} = {FA2B26A2-8D9C-416C-A9F5-3ACD6F0F8607}
		{7C1C7402-1CD0-46B9-B5E2-9680D326FAC8} = {FA2B26A2-8D9C-416C-A9F5-3ACD6F0F8607}
		{6EE9B59D-5629-4E72-8AA6-621FDA4DEAB3} = {CAA46ACA-7B0C-42DA-BEB4-2AFB400508B5}
		{EDDC51E3-871C-4952-88E5-B8B07BC0EEE7} = {6EE9B59D-5629-4E72-8AA6-621FDA4DEAB3}
		{CB032A41-641F-482A-94C4-D946333E677C} = {109E9A8B-638B-49B8-A3D0-4A2CBDBE6C8C}
		{1740D13B-CE65-4ABD-871A-3898FD1FA261} = {CB032A41-641F-482A-94C4-D946333E677C}
		{F3462BD5-0116-49C4-A455-1F79A545A641} = {CB032A41-641F-482A-94C4-D946333E677C}
		{5CF7C9A2-FDED-4D02-8773-7E1DA20AADA4} = {CB032A41-641F-482A-94C4-D946333E677C}
		{3BF0408F-268E-4EB4-89F0-53B004238E0A} = {CB032A41-641F-482A-94C4-D946333E677C}
		{6498BF8E-2FBF-4B0C-AFED-512BB88862D5} = {7C1C7402-1CD0-46B9-B5E2-9680D326FAC8}
		{3A0B955F-0FFA-4B26-9C91-6E56421386FC} = {6498BF8E-2FBF-4B0C-AFED-512BB88862D5}
		{8964B3E3-D28A-4662-A871-F82AD7A25960} = {4EF4113D-F83C-4DA0-93EE-7E04BB15BDAF}
		{50E4419B-BE64-436D-9E51-91D5C8D2D485} = {8964B3E3-D28A-4662-A871-F82AD7A25960}
		{D6D16E71-4559-4064-AAE4-91017EEF9063} = {4EF4113D-F83C-4DA0-93EE-7E04BB15BDAF}
		{846EDC35-A72D-460C-8B84-0FCD2A627CB7} = {D6D16E71-4559-4064-AAE4-91017EEF9063}
		{87C03F7B-D20C-4536-B70B-1C92C26FDDF0} = {4EF4113D-F83C-4DA0-93EE-7E04BB15BDAF}
		{C5B01B65-F052-4DD1-9CBA-3BCB86BF7E5D} = {87C03F7B-D20C-4536-B70B-1C92C26FDDF0}
		{96991C03-DF11-4E69-AA75-C1C913C0F875} = {4EF4113D-F83C-4DA0-93EE-7E04BB15BDAF}
		{82177E3A-5608-428F-8364-5FEBE0117178} = {96991C03-DF11-4E69-AA75-C1C913C0F875}
		{E0091F80-C427-4A56-BDA6-3CF47D92AD30} = {4EF4113D-F83C-4DA0-93EE-7E04BB15BDAF}
		{EE51B369-5860-4B2B-BA72-F7475B68F09F} = {E0091F80-C427-4A56-BDA6-3CF47D92AD30}
		{F29AB6AE-CC65-4D21-8F21-3CC7F92B145A} = {E0091F80-C427-4A56-BDA6-3CF47D92AD30}
		{23DB39AD-27D9-41DA-8155-E4245F27ACFB} = {E0091F80-C427-4A56-BDA6-3CF47D92AD30}
		{77397C1F-D0F2-4CF9-BBB0-397346CBF59E} = {E0091F80-C427-4A56-BDA6-3CF47D92AD30}
		{12231EB8-E4B0-48C9-9768-7D69EE6CF134} = {4EF4113D-F83C-4DA0-93EE-7E04BB15BDAF}
		{C154DF2E-52CC-4679-9616-BD6954A1C554} = {12231EB8-E4B0-48C9-9768-7D69EE6CF134}
	EndGlobalSection
	GlobalSection(ExtensibilityGlobals) = postSolution
		SolutionGuid = {B3E70A84-6B3B-4D64-8C04-E2DB64FB504B}
	EndGlobalSection
EndGlobal
